
Microsoft Visual Studio Solution File, Format Version 12.00
# Visual Studio Version 17
VisualStudioVersion = 17.5.33516.290
MinimumVisualStudioVersion = 10.0.40219.1
Project("{FAE04EC0-301F-11D3-BF4B-00C04F79EFBC}") = "data", "data\data.csproj", "{3A6A3620-2CFB-4E84-B3B6-4F551D9570AD}"
EndProject
Global
	GlobalSection(SolutionConfigurationPlatforms) = preSolution
		Debug|Any CPU = Debug|Any CPU
		Release|Any CPU = Release|Any CPU
	EndGlobalSection
	GlobalSection(ProjectConfigurationPlatforms) = postSolution
		{3A6A3620-2CFB-4E84-B3B6-4F551D9570AD}.Debug|Any CPU.ActiveCfg = Debug|Any CPU
		{3A6A3620-2CFB-4E84-B3B6-4F551D9570AD}.Debug|Any CPU.Build.0 = Debug|Any CPU
		{3A6A3620-2CFB-4E84-B3B6-4F551D9570AD}.Release|Any CPU.ActiveCfg = Release|Any CPU
		{3A6A3620-2CFB-4E84-B3B6-4F551D9570AD}.Release|Any CPU.Build.0 = Release|Any CPU
	EndGlobalSection
	GlobalSection(SolutionProperties) = preSolution
		HideSolutionNode = FALSE
	EndGlobalSection
	GlobalSection(ExtensibilityGlobals) = postSolution
		SolutionGuid = {C4147988-6A29-44B5-B7F3-45D2C82C28B2}
	EndGlobalSection
EndGlobal
